
Microsoft Visual Studio Solution File, Format Version 12.00
# Visual Studio Version 17
VisualStudioVersion = 17.10.35027.167
MinimumVisualStudioVersion = 10.0.40219.1
Project("{FAE04EC0-301F-11D3-BF4B-00C04F79EFBC}") = "BlackJack", "BlackJack\BlackJack.csproj", "{457BDD90-F13F-41C6-9F63-D8E77D4C1446}"
EndProject
Project("{FAE04EC0-301F-11D3-BF4B-00C04F79EFBC}") = "BlackJackTest", "BlackJackTest\BlackJackTest.csproj", "{2292E99E-5F1A-4573-8BBB-1192BC86C835}"
EndProject
Global
	GlobalSection(SolutionConfigurationPlatforms) = preSolution
		Debug|Any CPU = Debug|Any CPU
		Release|Any CPU = Release|Any CPU
	EndGlobalSection
	GlobalSection(ProjectConfigurationPlatforms) = postSolution
		{457BDD90-F13F-41C6-9F63-D8E77D4C1446}.Debug|Any CPU.ActiveCfg = Debug|Any CPU
		{457BDD90-F13F-41C6-9F63-D8E77D4C1446}.Debug|Any CPU.Build.0 = Debug|Any CPU
		{457BDD90-F13F-41C6-9F63-D8E77D4C1446}.Release|Any CPU.ActiveCfg = Release|Any CPU
		{457BDD90-F13F-41C6-9F63-D8E77D4C1446}.Release|Any CPU.Build.0 = Release|Any CPU
		{2292E99E-5F1A-4573-8BBB-1192BC86C835}.Debug|Any CPU.ActiveCfg = Debug|Any CPU
		{2292E99E-5F1A-4573-8BBB-1192BC86C835}.Debug|Any CPU.Build.0 = Debug|Any CPU
		{2292E99E-5F1A-4573-8BBB-1192BC86C835}.Release|Any CPU.ActiveCfg = Release|Any CPU
		{2292E99E-5F1A-4573-8BBB-1192BC86C835}.Release|Any CPU.Build.0 = Release|Any CPU
	EndGlobalSection
	GlobalSection(SolutionProperties) = preSolution
		HideSolutionNode = FALSE
	EndGlobalSection
	GlobalSection(ExtensibilityGlobals) = postSolution
		SolutionGuid = {9F8734F5-82BF-4816-B1CD-025EBC6765F4}
	EndGlobalSection
EndGlobal
